
Microsoft Visual Studio Solution File, Format Version 10.00
# Visual Studio 2008
Project("{8BC9CEB8-8B4A-11D0-8D11-00A0C91BC942}") = "enc_aacPlus_2008", "enc_aacPlus_2008.vcproj", "{31C2B302-618B-4DB1-AAEA-B077D484F2E4}"
EndProject
Global
	GlobalSection(SolutionConfigurationPlatforms) = preSolution
		Debug|Win32 = Debug|Win32
		Release SSE|Win32 = Release SSE|Win32
		Release SSE2|Win32 = Release SSE2|Win32
		Release|Win32 = Release|Win32
	EndGlobalSection
	GlobalSection(ProjectConfigurationPlatforms) = postSolution
		{31C2B302-618B-4DB1-AAEA-B077D484F2E4}.Debug|Win32.ActiveCfg = Debug|Win32
		{31C2B302-618B-4DB1-AAEA-B077D484F2E4}.Debug|Win32.Build.0 = Debug|Win32
		{31C2B302-618B-4DB1-AAEA-B077D484F2E4}.Release SSE|Win32.ActiveCfg = Release SSE|Win32
		{31C2B302-618B-4DB1-AAEA-B077D484F2E4}.Release SSE|Win32.Build.0 = Release SSE|Win32
		{31C2B302-618B-4DB1-AAEA-B077D484F2E4}.Release SSE2|Win32.ActiveCfg = Release SSE2|Win32
		{31C2B302-618B-4DB1-AAEA-B077D484F2E4}.Release SSE2|Win32.Build.0 = Release SSE2|Win32
		{31C2B302-618B-4DB1-AAEA-B077D484F2E4}.Release|Win32.ActiveCfg = Release|Win32
		{31C2B302-618B-4DB1-AAEA-B077D484F2E4}.Release|Win32.Build.0 = Release|Win32
	EndGlobalSection
	GlobalSection(SolutionProperties) = preSolution
		HideSolutionNode = FALSE
	EndGlobalSection
EndGlobal
